
Microsoft Visual Studio Solution File, Format Version 12.00
# Visual Studio Version 17
VisualStudioVersion = 17.0.31903.59
MinimumVisualStudioVersion = 10.0.40219.1
Project("{9A19103F-16F7-4668-BE54-9A1E7A4F7556}") = "NTypewriter.CodeModel", "NTypewriter.CodeModel\NTypewriter.CodeModel.csproj", "{842575A7-1E2A-4851-8C94-37FEA5E02BEF}"
EndProject
Project("{9A19103F-16F7-4668-BE54-9A1E7A4F7556}") = "NTypewriter.CodeModel.Functions", "NTypewriter.CodeModel.Functions\NTypewriter.CodeModel.Functions.csproj", "{9456FD80-1A1A-4CAF-922B-51706BFDB9A2}"
EndProject
Project("{9A19103F-16F7-4668-BE54-9A1E7A4F7556}") = "NTypewriter.CodeModel.Roslyn", "NTypewriter.CodeModel.Roslyn\NTypewriter.CodeModel.Roslyn.csproj", "{47F85493-283B-4336-B0D7-E27F11337AF1}"
EndProject
Project("{9A19103F-16F7-4668-BE54-9A1E7A4F7556}") = "NTypewriter", "NTypewriter\NTypewriter.csproj", "{66C21BBF-D448-4109-A102-1573F3185110}"
EndProject
Project("{9A19103F-16F7-4668-BE54-9A1E7A4F7556}") = "NTypewriter.Editor.Config", "NTypewriter.Editor.Config\NTypewriter.Editor.Config.csproj", "{08CDD3EF-49A6-4F75-A976-235E68198874}"
EndProject
Project("{9A19103F-16F7-4668-BE54-9A1E7A4F7556}") = "NTypewriter.CodeModel.Tests", "NTypewriter.CodeModel.Tests\NTypewriter.CodeModel.Tests.csproj", "{08084CA3-7FAC-4B23-A6DE-6755AE14E2FF}"
EndProject
Project("{9A19103F-16F7-4668-BE54-9A1E7A4F7556}") = "NTypewriter.CodeModel.Functions.Tests", "NTypewriter.CodeModel.Functions.Tests\NTypewriter.CodeModel.Functions.Tests.csproj", "{49CCB4DB-6767-4660-8474-47ED44FD93A8}"
EndProject
Project("{9A19103F-16F7-4668-BE54-9A1E7A4F7556}") = "Tests.Assets.WebApi", "Tests.Assets.WebApi\Tests.Assets.WebApi.csproj", "{002A25D9-33FB-434A-878E-E5E6942CE8C1}"
EndProject
Project("{9A19103F-16F7-4668-BE54-9A1E7A4F7556}") = "Tests.Assets.Referenced", "Tests.Assets.Referenced\Tests.Assets.Referenced.csproj", "{ED81A10A-7E9E-4F9A-9EA9-2398EE030B4F}"
EndProject
Project("{2150E333-8FDC-42A3-9474-1A3956D46DE8}") = "Solution Items", "Solution Items", "{ECF63459-19D9-4F09-8291-2DC27EC175C9}"
	ProjectSection(SolutionItems) = preProject
		license.md = license.md
		readme.md = readme.md
	EndProjectSection
EndProject
Project("{2150E333-8FDC-42A3-9474-1A3956D46DE8}") = "Documentation", "Documentation", "{F24BDC3D-245E-4E4C-B57D-CB6C06E58286}"
	ProjectSection(SolutionItems) = preProject
		Documentation\Architecture.md = Documentation\Architecture.md
		Documentation\BuiltInFunctions.md = Documentation\BuiltInFunctions.md
		Documentation\CLI.md = Documentation\CLI.md
		Documentation\CodeModel.md = Documentation\CodeModel.md
		Documentation\Configuration.md = Documentation\Configuration.md
		Documentation\CustomFunctions.md = Documentation\CustomFunctions.md
		Documentation\EditorForVisualStudio.md = Documentation\EditorForVisualStudio.md
		Documentation\NameVariants.md = Documentation\NameVariants.md
		Documentation\NTypewriter.CodeModel.flowchart.mmd = Documentation\NTypewriter.CodeModel.flowchart.mmd
		Documentation\SourceGenerator.md = Documentation\SourceGenerator.md
		Documentation\TypewriterIssues.md = Documentation\TypewriterIssues.md
	EndProjectSection
EndProject
Project("{9A19103F-16F7-4668-BE54-9A1E7A4F7556}") = "DocumentationGenerator", "DocumentationGenerator\DocumentationGenerator.csproj", "{584B0FDD-B073-4223-AA51-D56B6087B59B}"
EndProject
Project("{9A19103F-16F7-4668-BE54-9A1E7A4F7556}") = "NTypewriter.Runtime", "NTypewriter.Runtime\NTypewriter.Runtime.csproj", "{F6F0D943-6C76-4FDB-BEA0-A844FC8D3D8C}"
EndProject
Project("{9A19103F-16F7-4668-BE54-9A1E7A4F7556}") = "Tests.Assets.WebApi2022", "Tests.Assets.WebApi2022\Tests.Assets.WebApi2022.csproj", "{84F6ACA3-DCDF-4483-BEE7-3D5EAA90A203}"
EndProject
Project("{9A19103F-16F7-4668-BE54-9A1E7A4F7556}") = "NTypewriter.Runtime.Tests", "NTypewriter.Runtime.Tests\NTypewriter.Runtime.Tests.csproj", "{0CEEC83F-DF5D-4C44-8EB0-8B0D274F5D21}"
EndProject
Project("{9A19103F-16F7-4668-BE54-9A1E7A4F7556}") = "NTypewriter.SourceGenerator", "NTypewriter.SourceGenerator\NTypewriter.SourceGenerator.csproj", "{5D16E995-E8BA-401E-B013-2ECD7CA8EE9A}"
EndProject
Global
	GlobalSection(SolutionConfigurationPlatforms) = preSolution
		Debug|Any CPU = Debug|Any CPU
		Release|Any CPU = Release|Any CPU
	EndGlobalSection
	GlobalSection(ProjectConfigurationPlatforms) = postSolution
		{842575A7-1E2A-4851-8C94-37FEA5E02BEF}.Debug|Any CPU.ActiveCfg = Debug|Any CPU
		{842575A7-1E2A-4851-8C94-37FEA5E02BEF}.Debug|Any CPU.Build.0 = Debug|Any CPU
		{842575A7-1E2A-4851-8C94-37FEA5E02BEF}.Release|Any CPU.ActiveCfg = Release|Any CPU
		{842575A7-1E2A-4851-8C94-37FEA5E02BEF}.Release|Any CPU.Build.0 = Release|Any CPU
		{9456FD80-1A1A-4CAF-922B-51706BFDB9A2}.Debug|Any CPU.ActiveCfg = Debug|Any CPU
		{9456FD80-1A1A-4CAF-922B-51706BFDB9A2}.Debug|Any CPU.Build.0 = Debug|Any CPU
		{9456FD80-1A1A-4CAF-922B-51706BFDB9A2}.Release|Any CPU.ActiveCfg = Release|Any CPU
		{9456FD80-1A1A-4CAF-922B-51706BFDB9A2}.Release|Any CPU.Build.0 = Release|Any CPU
		{47F85493-283B-4336-B0D7-E27F11337AF1}.Debug|Any CPU.ActiveCfg = Debug|Any CPU
		{47F85493-283B-4336-B0D7-E27F11337AF1}.Debug|Any CPU.Build.0 = Debug|Any CPU
		{47F85493-283B-4336-B0D7-E27F11337AF1}.Release|Any CPU.ActiveCfg = Release|Any CPU
		{47F85493-283B-4336-B0D7-E27F11337AF1}.Release|Any CPU.Build.0 = Release|Any CPU
		{66C21BBF-D448-4109-A102-1573F3185110}.Debug|Any CPU.ActiveCfg = Debug|Any CPU
		{66C21BBF-D448-4109-A102-1573F3185110}.Debug|Any CPU.Build.0 = Debug|Any CPU
		{66C21BBF-D448-4109-A102-1573F3185110}.Release|Any CPU.ActiveCfg = Release|Any CPU
		{66C21BBF-D448-4109-A102-1573F3185110}.Release|Any CPU.Build.0 = Release|Any CPU
		{08CDD3EF-49A6-4F75-A976-235E68198874}.Debug|Any CPU.ActiveCfg = Debug|Any CPU
		{08CDD3EF-49A6-4F75-A976-235E68198874}.Debug|Any CPU.Build.0 = Debug|Any CPU
		{08CDD3EF-49A6-4F75-A976-235E68198874}.Release|Any CPU.ActiveCfg = Release|Any CPU
		{08CDD3EF-49A6-4F75-A976-235E68198874}.Release|Any CPU.Build.0 = Release|Any CPU
		{08084CA3-7FAC-4B23-A6DE-6755AE14E2FF}.Debug|Any CPU.ActiveCfg = Debug|Any CPU
		{08084CA3-7FAC-4B23-A6DE-6755AE14E2FF}.Debug|Any CPU.Build.0 = Debug|Any CPU
		{08084CA3-7FAC-4B23-A6DE-6755AE14E2FF}.Release|Any CPU.ActiveCfg = Release|Any CPU
		{08084CA3-7FAC-4B23-A6DE-6755AE14E2FF}.Release|Any CPU.Build.0 = Release|Any CPU
		{49CCB4DB-6767-4660-8474-47ED44FD93A8}.Debug|Any CPU.ActiveCfg = Debug|Any CPU
		{49CCB4DB-6767-4660-8474-47ED44FD93A8}.Debug|Any CPU.Build.0 = Debug|Any CPU
		{49CCB4DB-6767-4660-8474-47ED44FD93A8}.Release|Any CPU.ActiveCfg = Release|Any CPU
		{49CCB4DB-6767-4660-8474-47ED44FD93A8}.Release|Any CPU.Build.0 = Release|Any CPU
		{002A25D9-33FB-434A-878E-E5E6942CE8C1}.Debug|Any CPU.ActiveCfg = Debug|Any CPU
		{002A25D9-33FB-434A-878E-E5E6942CE8C1}.Debug|Any CPU.Build.0 = Debug|Any CPU
		{002A25D9-33FB-434A-878E-E5E6942CE8C1}.Release|Any CPU.ActiveCfg = Release|Any CPU
		{002A25D9-33FB-434A-878E-E5E6942CE8C1}.Release|Any CPU.Build.0 = Release|Any CPU
		{ED81A10A-7E9E-4F9A-9EA9-2398EE030B4F}.Debug|Any CPU.ActiveCfg = Debug|Any CPU
		{ED81A10A-7E9E-4F9A-9EA9-2398EE030B4F}.Debug|Any CPU.Build.0 = Debug|Any CPU
		{ED81A10A-7E9E-4F9A-9EA9-2398EE030B4F}.Release|Any CPU.ActiveCfg = Release|Any CPU
		{ED81A10A-7E9E-4F9A-9EA9-2398EE030B4F}.Release|Any CPU.Build.0 = Release|Any CPU
		{584B0FDD-B073-4223-AA51-D56B6087B59B}.Debug|Any CPU.ActiveCfg = Debug|Any CPU
		{584B0FDD-B073-4223-AA51-D56B6087B59B}.Debug|Any CPU.Build.0 = Debug|Any CPU
		{584B0FDD-B073-4223-AA51-D56B6087B59B}.Release|Any CPU.ActiveCfg = Release|Any CPU
		{584B0FDD-B073-4223-AA51-D56B6087B59B}.Release|Any CPU.Build.0 = Release|Any CPU
		{F6F0D943-6C76-4FDB-BEA0-A844FC8D3D8C}.Debug|Any CPU.ActiveCfg = Debug|Any CPU
		{F6F0D943-6C76-4FDB-BEA0-A844FC8D3D8C}.Debug|Any CPU.Build.0 = Debug|Any CPU
		{F6F0D943-6C76-4FDB-BEA0-A844FC8D3D8C}.Release|Any CPU.ActiveCfg = Release|Any CPU
		{F6F0D943-6C76-4FDB-BEA0-A844FC8D3D8C}.Release|Any CPU.Build.0 = Release|Any CPU
		{84F6ACA3-DCDF-4483-BEE7-3D5EAA90A203}.Debug|Any CPU.ActiveCfg = Debug|Any CPU
		{84F6ACA3-DCDF-4483-BEE7-3D5EAA90A203}.Debug|Any CPU.Build.0 = Debug|Any CPU
		{84F6ACA3-DCDF-4483-BEE7-3D5EAA90A203}.Release|Any CPU.ActiveCfg = Release|Any CPU
		{84F6ACA3-DCDF-4483-BEE7-3D5EAA90A203}.Release|Any CPU.Build.0 = Release|Any CPU
		{0CEEC83F-DF5D-4C44-8EB0-8B0D274F5D21}.Debug|Any CPU.ActiveCfg = Debug|Any CPU
		{0CEEC83F-DF5D-4C44-8EB0-8B0D274F5D21}.Debug|Any CPU.Build.0 = Debug|Any CPU
		{0CEEC83F-DF5D-4C44-8EB0-8B0D274F5D21}.Release|Any CPU.ActiveCfg = Release|Any CPU
		{0CEEC83F-DF5D-4C44-8EB0-8B0D274F5D21}.Release|Any CPU.Build.0 = Release|Any CPU
		{5D16E995-E8BA-401E-B013-2ECD7CA8EE9A}.Debug|Any CPU.ActiveCfg = Debug|Any CPU
		{5D16E995-E8BA-401E-B013-2ECD7CA8EE9A}.Debug|Any CPU.Build.0 = Debug|Any CPU
		{5D16E995-E8BA-401E-B013-2ECD7CA8EE9A}.Release|Any CPU.ActiveCfg = Release|Any CPU
		{5D16E995-E8BA-401E-B013-2ECD7CA8EE9A}.Release|Any CPU.Build.0 = Release|Any CPU
	EndGlobalSection
	GlobalSection(SolutionProperties) = preSolution
		HideSolutionNode = FALSE
	EndGlobalSection
	GlobalSection(ExtensibilityGlobals) = postSolution
		SolutionGuid = {437799C8-CCAC-4A92-8DF0-7C4B050B453C}
	EndGlobalSection
EndGlobal
